
Microsoft Visual Studio Solution File, Format Version 12.00
# Visual Studio Version 16
VisualStudioVersion = 16.0.31005.135
MinimumVisualStudioVersion = 10.0.40219.1
Project("{FAE04EC0-301F-11D3-BF4B-00C04F79EFBC}") = "ReverseABinaryTree", "ReverseABinaryTree\ReverseABinaryTree.csproj", "{DE039ADD-61AF-41F3-B73A-7577245E547C}"
EndProject
Project("{FAE04EC0-301F-11D3-BF4B-00C04F79EFBC}") = "UnitTestProject1", "UnitTestProject1\UnitTestProject1.csproj", "{C2FF9C67-B278-4683-AB2B-193DF3F76081}"
EndProject
Global
	GlobalSection(SolutionConfigurationPlatforms) = preSolution
		Debug|Any CPU = Debug|Any CPU
		Release|Any CPU = Release|Any CPU
	EndGlobalSection
	GlobalSection(ProjectConfigurationPlatforms) = postSolution
		{DE039ADD-61AF-41F3-B73A-7577245E547C}.Debug|Any CPU.ActiveCfg = Debug|Any CPU
		{DE039ADD-61AF-41F3-B73A-7577245E547C}.Debug|Any CPU.Build.0 = Debug|Any CPU
		{DE039ADD-61AF-41F3-B73A-7577245E547C}.Release|Any CPU.ActiveCfg = Release|Any CPU
		{DE039ADD-61AF-41F3-B73A-7577245E547C}.Release|Any CPU.Build.0 = Release|Any CPU
		{C2FF9C67-B278-4683-AB2B-193DF3F76081}.Debug|Any CPU.ActiveCfg = Debug|Any CPU
		{C2FF9C67-B278-4683-AB2B-193DF3F76081}.Debug|Any CPU.Build.0 = Debug|Any CPU
		{C2FF9C67-B278-4683-AB2B-193DF3F76081}.Release|Any CPU.ActiveCfg = Release|Any CPU
		{C2FF9C67-B278-4683-AB2B-193DF3F76081}.Release|Any CPU.Build.0 = Release|Any CPU
	EndGlobalSection
	GlobalSection(SolutionProperties) = preSolution
		HideSolutionNode = FALSE
	EndGlobalSection
	GlobalSection(ExtensibilityGlobals) = postSolution
		SolutionGuid = {B4D342B4-E2B8-4A7B-8721-5D2951B78554}
	EndGlobalSection
EndGlobal
